
Microsoft Visual Studio Solution File, Format Version 12.00
# Visual Studio 14
VisualStudioVersion = 14.0.25420.1
MinimumVisualStudioVersion = 10.0.40219.1
Project("{FAE04EC0-301F-11D3-BF4B-00C04F79EFBC}") = "MoneyWorks", "src\MoneyWorks.csproj", "{79DF839C-D47B-422C-8170-970B3251545C}"
EndProject
Project("{FAE04EC0-301F-11D3-BF4B-00C04F79EFBC}") = "MoneyWorksTest", "test\MoneyWorksTest\MoneyWorksTest.csproj", "{F39DC39E-9300-486A-B456-EC21F4789C8C}"
EndProject
Global
	GlobalSection(SolutionConfigurationPlatforms) = preSolution
		Debug|Any CPU = Debug|Any CPU
		Release|Any CPU = Release|Any CPU
	EndGlobalSection
	GlobalSection(ProjectConfigurationPlatforms) = postSolution
		{79DF839C-D47B-422C-8170-970B3251545C}.Debug|Any CPU.ActiveCfg = Debug|Any CPU
		{79DF839C-D47B-422C-8170-970B3251545C}.Debug|Any CPU.Build.0 = Debug|Any CPU
		{79DF839C-D47B-422C-8170-970B3251545C}.Release|Any CPU.ActiveCfg = Release|Any CPU
		{79DF839C-D47B-422C-8170-970B3251545C}.Release|Any CPU.Build.0 = Release|Any CPU
		{F39DC39E-9300-486A-B456-EC21F4789C8C}.Debug|Any CPU.ActiveCfg = Debug|Any CPU
		{F39DC39E-9300-486A-B456-EC21F4789C8C}.Debug|Any CPU.Build.0 = Debug|Any CPU
		{F39DC39E-9300-486A-B456-EC21F4789C8C}.Release|Any CPU.ActiveCfg = Release|Any CPU
		{F39DC39E-9300-486A-B456-EC21F4789C8C}.Release|Any CPU.Build.0 = Release|Any CPU
	EndGlobalSection
	GlobalSection(SolutionProperties) = preSolution
		HideSolutionNode = FALSE
	EndGlobalSection
EndGlobal
